
Microsoft Visual Studio Solution File, Format Version 12.00
# Visual Studio Version 17
VisualStudioVersion = 17.5.33209.295
MinimumVisualStudioVersion = 10.0.40219.1
Project("{9A19103F-16F7-4668-BE54-9A1E7A4F7556}") = "UrbanFiesta", "UrbanFiesta\UrbanFiesta.csproj", "{26864AD0-8CED-41B5-9361-B2A8CBE17927}"
EndProject
Project("{9A19103F-16F7-4668-BE54-9A1E7A4F7556}") = "Entities", "Entities\Entities.csproj", "{0697CB2C-6F19-4DD2-A508-96F07348877B}"
EndProject
Project("{E53339B2-1760-4266-BCC7-CA923CBCF16C}") = "docker-compose", "docker-compose.dcproj", "{537D6BDE-3874-488C-AE3E-412374BA8A9C}"
EndProject
Global
	GlobalSection(SolutionConfigurationPlatforms) = preSolution
		Debug|Any CPU = Debug|Any CPU
		Release|Any CPU = Release|Any CPU
	EndGlobalSection
	GlobalSection(ProjectConfigurationPlatforms) = postSolution
		{26864AD0-8CED-41B5-9361-B2A8CBE17927}.Debug|Any CPU.ActiveCfg = Debug|Any CPU
		{26864AD0-8CED-41B5-9361-B2A8CBE17927}.Debug|Any CPU.Build.0 = Debug|Any CPU
		{26864AD0-8CED-41B5-9361-B2A8CBE17927}.Release|Any CPU.ActiveCfg = Release|Any CPU
		{26864AD0-8CED-41B5-9361-B2A8CBE17927}.Release|Any CPU.Build.0 = Release|Any CPU
		{0697CB2C-6F19-4DD2-A508-96F07348877B}.Debug|Any CPU.ActiveCfg = Debug|Any CPU
		{0697CB2C-6F19-4DD2-A508-96F07348877B}.Debug|Any CPU.Build.0 = Debug|Any CPU
		{0697CB2C-6F19-4DD2-A508-96F07348877B}.Release|Any CPU.ActiveCfg = Release|Any CPU
		{0697CB2C-6F19-4DD2-A508-96F07348877B}.Release|Any CPU.Build.0 = Release|Any CPU
		{537D6BDE-3874-488C-AE3E-412374BA8A9C}.Debug|Any CPU.ActiveCfg = Debug|Any CPU
		{537D6BDE-3874-488C-AE3E-412374BA8A9C}.Debug|Any CPU.Build.0 = Debug|Any CPU
		{537D6BDE-3874-488C-AE3E-412374BA8A9C}.Release|Any CPU.ActiveCfg = Release|Any CPU
		{537D6BDE-3874-488C-AE3E-412374BA8A9C}.Release|Any CPU.Build.0 = Release|Any CPU
	EndGlobalSection
	GlobalSection(SolutionProperties) = preSolution
		HideSolutionNode = FALSE
	EndGlobalSection
	GlobalSection(ExtensibilityGlobals) = postSolution
		SolutionGuid = {A7361D35-2107-4670-B133-1550FEE4401F}
	EndGlobalSection
EndGlobal
